
Microsoft Visual Studio Solution File, Format Version 12.00
# Visual Studio Version 16
VisualStudioVersion = 16.0.32929.386
MinimumVisualStudioVersion = 10.0.40219.1
Project("{FAE04EC0-301F-11D3-BF4B-00C04F79EFBC}") = "Login_Reginstration_proj", "Login_Reginstration_proj\Login_Reginstration_proj.csproj", "{2C551DCF-B8FA-4EC1-877C-C9805E4436A2}"
EndProject
Global
	GlobalSection(SolutionConfigurationPlatforms) = preSolution
		Debug|Any CPU = Debug|Any CPU
		Release|Any CPU = Release|Any CPU
	EndGlobalSection
	GlobalSection(ProjectConfigurationPlatforms) = postSolution
		{2C551DCF-B8FA-4EC1-877C-C9805E4436A2}.Debug|Any CPU.ActiveCfg = Debug|Any CPU
		{2C551DCF-B8FA-4EC1-877C-C9805E4436A2}.Debug|Any CPU.Build.0 = Debug|Any CPU
		{2C551DCF-B8FA-4EC1-877C-C9805E4436A2}.Release|Any CPU.ActiveCfg = Release|Any CPU
		{2C551DCF-B8FA-4EC1-877C-C9805E4436A2}.Release|Any CPU.Build.0 = Release|Any CPU
	EndGlobalSection
	GlobalSection(SolutionProperties) = preSolution
		HideSolutionNode = FALSE
	EndGlobalSection
	GlobalSection(ExtensibilityGlobals) = postSolution
		SolutionGuid = {4EE13403-B856-43FC-819B-12CA01CF589E}
	EndGlobalSection
EndGlobal
